{
  "version": 4,
  "terraform_version": "1.5.2",
  "serial": 140,
  "lineage": "8bef95f8-00b7-15c8-90eb-af0a7149bebb",
  "outputs": {
    "cosmosdb_server_endpoint": {
      "value": "https://ktf-cosmosdb-server.documents.azure.com:443/",
      "type": "string"
    },
    "public_ip_address": {
      "value": "ktf-vm: 172.190.234.12",
      "type": "string"
    }
  },
  "resources": [
    {
      "mode": "data",
      "type": "azurerm_public_ip",
      "name": "ktf-ip-data",
      "provider": "provider[\"registry.terraform.io/hashicorp/azurerm\"]",
      "instances": [
        {
          "schema_version": 0,
          "attributes": {
            "allocation_method": "Dynamic",
            "domain_name_label": "",
            "fqdn": "",
            "id": "/subscriptions/794484ea-9b23-4bb9-93b1-f40f1bf8aee9/resourceGroups/ktf-resources/providers/Microsoft.Network/publicIPAddresses/ktf-ip",
            "idle_timeout_in_minutes": 4,
            "ip_address": "172.190.234.12",
            "ip_tags": {},
            "ip_version": "IPv4",
            "location": "eastus",
            "name": "ktf-ip",
            "resource_group_name": "ktf-resources",
            "reverse_fqdn": "",
            "sku": "Basic",
            "tags": {
              "environment": "dev"
            },
            "timeouts": null,
            "zones": []
          },
          "sensitive_attributes": []
        }
      ]
    },
    {
      "mode": "managed",
      "type": "azurerm_cosmosdb_account",
      "name": "ktf_cosmosdb_server",
      "provider": "provider[\"registry.terraform.io/hashicorp/azurerm\"]",
      "instances": [
        {
          "schema_version": 0,
          "attributes": {
            "access_key_metadata_writes_enabled": true,
            "analytical_storage": [
              {
                "schema_type": "WellDefined"
              }
            ],
            "analytical_storage_enabled": false,
            "backup": [
              {
                "interval_in_minutes": 240,
                "retention_in_hours": 8,
                "storage_redundancy": "Geo",
                "type": "Periodic"
              }
            ],
            "capabilities": [],
            "capacity": [],
            "connection_strings": [
              "AccountEndpoint=https://ktf-cosmosdb-server.documents.azure.com:443/;AccountKey=zVo2KibrVn0adIFF3A9CdBZ443h1gEedOLWzK8fGNylAqrKwtw496Q5dEbD06tfrIf5x6kRhVZJZACDbthlCUQ==;",
              "AccountEndpoint=https://ktf-cosmosdb-server.documents.azure.com:443/;AccountKey=vMC3fnZ7j73LyuUyK1cL36gKmkdfZ19nJyxhMUc1pLzyfgMJm2wGsaZTS11knhCxZnhHelXVUfRkACDbJvNYGQ==;",
              "AccountEndpoint=https://ktf-cosmosdb-server.documents.azure.com:443/;AccountKey=pdE5juBPBq8aleCge7euVWJeILxRcL2FqQNe0LxScXt4TRadL7dV7ZQEXc06BbpavCRKz24qPFCHACDbLYZltQ==;",
              "AccountEndpoint=https://ktf-cosmosdb-server.documents.azure.com:443/;AccountKey=7H906zwV67i4n5ghDeY80iYFN5yja3KSVcgKjUFik9IYgtQVpcBRiPbQ7hOeXU5tUibwfG1yPj6tACDbstVNlw==;"
            ],
            "consistency_policy": [
              {
                "consistency_level": "BoundedStaleness",
                "max_interval_in_seconds": 300,
                "max_staleness_prefix": 1000
              }
            ],
            "cors_rule": [],
            "create_mode": "",
            "default_identity_type": "FirstPartyIdentity",
            "enable_automatic_failover": false,
            "enable_free_tier": false,
            "enable_multiple_write_locations": false,
            "endpoint": "https://ktf-cosmosdb-server.documents.azure.com:443/",
            "geo_location": [
              {
                "failover_priority": 0,
                "id": "ktf-cosmosdb-server-eastus",
                "location": "eastus",
                "zone_redundant": false
              }
            ],
            "id": "/subscriptions/794484ea-9b23-4bb9-93b1-f40f1bf8aee9/resourceGroups/ktf-resources/providers/Microsoft.DocumentDB/databaseAccounts/ktf-cosmosdb-server",
            "identity": [],
            "ip_range_filter": "",
            "is_virtual_network_filter_enabled": false,
            "key_vault_key_id": null,
            "kind": "GlobalDocumentDB",
            "local_authentication_disabled": false,
            "location": "eastus",
            "mongo_server_version": null,
            "name": "ktf-cosmosdb-server",
            "network_acl_bypass_for_azure_services": false,
            "network_acl_bypass_ids": [],
            "offer_type": "Standard",
            "primary_key": "zVo2KibrVn0adIFF3A9CdBZ443h1gEedOLWzK8fGNylAqrKwtw496Q5dEbD06tfrIf5x6kRhVZJZACDbthlCUQ==",
            "primary_readonly_key": "pdE5juBPBq8aleCge7euVWJeILxRcL2FqQNe0LxScXt4TRadL7dV7ZQEXc06BbpavCRKz24qPFCHACDbLYZltQ==",
            "public_network_access_enabled": true,
            "read_endpoints": [
              "https://ktf-cosmosdb-server-eastus.documents.azure.com:443/"
            ],
            "resource_group_name": "ktf-resources",
            "restore": [],
            "secondary_key": "vMC3fnZ7j73LyuUyK1cL36gKmkdfZ19nJyxhMUc1pLzyfgMJm2wGsaZTS11knhCxZnhHelXVUfRkACDbJvNYGQ==",
            "secondary_readonly_key": "7H906zwV67i4n5ghDeY80iYFN5yja3KSVcgKjUFik9IYgtQVpcBRiPbQ7hOeXU5tUibwfG1yPj6tACDbstVNlw==",
            "tags": {},
            "timeouts": null,
            "virtual_network_rule": [],
            "write_endpoints": [
              "https://ktf-cosmosdb-server-eastus.documents.azure.com:443/"
            ]
          },
          "sensitive_attributes": [],
          "private": "eyJlMmJmYjczMC1lY2FhLTExZTYtOGY4OC0zNDM2M2JjN2M0YzAiOnsiY3JlYXRlIjoxMDgwMDAwMDAwMDAwMCwiZGVsZXRlIjoxMDgwMDAwMDAwMDAwMCwicmVhZCI6MzAwMDAwMDAwMDAwLCJ1cGRhdGUiOjEwODAwMDAwMDAwMDAwfX0=",
          "dependencies": [
            "azurerm_resource_group.ktf-rg"
          ]
        }
      ]
    },
    {
      "mode": "managed",
      "type": "azurerm_linux_virtual_machine",
      "name": "ktf-vm",
      "provider": "provider[\"registry.terraform.io/hashicorp/azurerm\"]",
      "instances": [
        {
          "schema_version": 0,
          "attributes": {
            "additional_capabilities": [],
            "admin_password": null,
            "admin_ssh_key": [
              {
                "public_key": "ssh-rsa AAAAB3NzaC1yc2EAAAADAQABAAABgQDJ+t7GCnFFcqqp1+z8yhv6aHwVS/Oz4y3egu9fKMnvFZ/YYn/SbsCu7fViZyC+o5s5F+Rv6MvolITx/519WMvztsUGHYLA51Jv1ZWVWA5T2/JJweK6YQevytUBGdzvzPnruZeKUEFVYUQLkGe40/wDLdwHQRM0ikXw+3vPHl9/mWn14Si1qdgpPT3HxQ9wLalrnoNql6Cn478LMQ5maOjpweJebdNwCsGHNwdyusNU7IEgNa8xkHWgS7OnBgdn5Xo+GroGHx+BReSLbSLwXkjE18uu47XP26XT8z34mpfHFZUpOwwY/7oo8K+/RnUUiPgG6Fsm4E8SJcNbFgGQKle/uklGNEqn3kUCXBJEwAL4UYeBUiHb8/+ZcyJNYEdfKAssfF+72pKZjnGDT26u+BMa2Tkl9w6SyEbmWHV4fezHCeBIigXMiUemUrk3k4tm2Eh5SYI247IGntd/i40ULVENZ+YCM5N6tQQWVEVdJgB1bGa+ejiVM7Nf/vMbt+8mOSM= nachodox@DESKTOP-N20CV5H\n",
                "username": "adminuser"
              }
            ],
            "admin_username": "adminuser",
            "allow_extension_operations": true,
            "availability_set_id": "",
            "boot_diagnostics": [],
            "computer_name": "ktf-vm",
            "custom_data": "IyEvYmluL2Jhc2gKc3VkbyBhcHQtZ2V0IHVwZGF0ZSAteSAmJgpzdWRvIGFwdC1nZXQgaW5zdGFsbCAteSBcCmFwdC10cmFuc3BvcnQtaHR0cHMgXApjYS1jZXJ0aWZpY2F0ZXMgXApjdXJsIFwKZ251cGctYWdlbnQgXApzb2Z0d2FyZS1wcm9wZXJ0aWVzLWNvbW1vbiAmJgpjdXJsIC1mc1NMIGh0dHBzOi8vZG93bmxvYWQuZG9ja2VyLmNvbS9saW51eC91YnVudHUvZ3BnIHwgc3VkbyBhcHQta2V5IGFkZCAtICYmCnN1ZG8gYWRkLWFwdC1yZXBvc2l0b3J5ICJkZWIgW2FyY2g9YW1kNjRdIGh0dHBzOi8vZG93bmxvYWQuZG9ja2VyLmNvbS9saW51eC91YnVudHUgJChsc2JfcmVsZWFzZSAtY3MpIHN0YWJsZSIgJiYKc3VkbyBhcHQtZ2V0IHVwZGF0ZSAteSAmJgpzdWRvIGFwdC1nZXQgaW5zdGFsbCBkb2NrZXItY2UgZG9ja2VyLWNlLWNsaSBjb250YWluZXJkLmlvIC15ICYmCnN1ZG8gdXNlbW9kIC1hRyBkb2NrZXIgdWJ1bnR1CnN1ZG8gYXB0IGluc3RhbGwgLXl1IGRvdG5ldC1zZGstNy4wCnN1ZG8gYXB0IGluc3RhbGwgLXkgbmdpbngKCmVjaG8gInNlcnZlciB7IiB8IHN1ZG8gdGVlIC1hIC9ldGMvbmdpbngvY29uZi5kL215LW5naW54LmNvbmYKZWNobyAiICAgIGxpc3RlbiA4MDsiIHwgc3VkbyB0ZWUgLWEgL2V0Yy9uZ2lueC9jb25mLmQvbXktbmdpbnguY29uZgplY2hvICIgICAgc2VydmVyX25hbWUgKjsgICMgUmVwbGFjZSB3aXRoIHlvdXIgZG9tYWluIG5hbWUgb3Igc2VydmVyIElQIGFkZHJlc3MiIHwgc3VkbyB0ZWUgLWEgL2V0Yy9uZ2lueC9jb25mLmQvbXktbmdpbnguY29uZgplY2hvICIiIHwgc3VkbyB0ZWUgLWEgL2V0Yy9uZ2lueC9jb25mLmQvbXktbmdpbnguY29uZgplY2hvICIgICAgbG9jYXRpb24gLyB7IiB8IHN1ZG8gdGVlIC1hIC9ldGMvbmdpbngvY29uZi5kL215LW5naW54LmNvbmYKZWNobyAiICAgICAgICAjIEFkZCB5b3VyIGRlc2lyZWQgY29uZmlndXJhdGlvbiBoZXJlIiB8IHN1ZG8gdGVlIC1hIC9ldGMvbmdpbngvY29uZi5kL215LW5naW54LmNvbmYKZWNobyAiICAgICAgICAjIEZvciBleGFtcGxlLCBwcm94eV9wYXNzIHRvIGZvcndhcmQgcmVxdWVzdHMgdG8gYW5vdGhlciBzZXJ2ZXI6IiB8IHN1ZG8gdGVlIC1hIC9ldGMvbmdpbngvY29uZi5kL215LW5naW54LmNvbmYKZWNobyAiICAgICAgICBwcm94eV9wYXNzIGh0dHA6Ly9sb2NhbGhvc3Q6NTA4OTsiIHwgc3VkbyB0ZWUgLWEgL2V0Yy9uZ2lueC9jb25mLmQvbXktbmdpbnguY29uZgplY2hvICIgICAgICAgIHByb3h5X3NldF9oZWFkZXIgSG9zdCBcJGhvc3Q7IiB8IHN1ZG8gdGVlIC1hIC9ldGMvbmdpbngvY29uZi5kL215LW5naW54LmNvbmYKZWNobyAiICAgICAgICBwcm94eV9zZXRfaGVhZGVyIFgtUmVhbC1JUCBcJHJlbW90ZV9hZGRyOyIgfCBzdWRvIHRlZSAtYSAvZXRjL25naW54L2NvbmYuZC9teS1uZ2lueC5jb25mCmVjaG8gIiAgICAgICAgcHJveHlfc2V0X2hlYWRlciBYLUZvcndhcmRlZC1Gb3IgXCRwcm94eV9hZGRfeF9mb3J3YXJkZWRfZm9yOyIgfCBzdWRvIHRlZSAtYSAvZXRjL25naW54L2NvbmYuZC9teS1uZ2lueC5jb25mCmVjaG8gIiAgICAgICAgcHJveHlfc2V0X2hlYWRlciBYLUZvcndhcmRlZC1Qcm90byBcJHNjaGVtZTsiIHwgc3VkbyB0ZWUgLWEgL2V0Yy9uZ2lueC9jb25mLmQvbXktbmdpbnguY29uZgplY2hvICIgICAgfSIgfCBzdWRvIHRlZSAtYSAvZXRjL25naW54L2NvbmYuZC9teS1uZ2lueC5jb25mCmVjaG8gIn0iIHwgc3VkbyB0ZWUgLWEgL2V0Yy9uZ2lueC9jb25mLmQvbXktbmdpbnguY29uZgo=",
            "dedicated_host_group_id": "",
            "dedicated_host_id": "",
            "disable_password_authentication": true,
            "edge_zone": "",
            "encryption_at_host_enabled": false,
            "eviction_policy": "",
            "extensions_time_budget": "PT1H30M",
            "id": "/subscriptions/794484ea-9b23-4bb9-93b1-f40f1bf8aee9/resourceGroups/ktf-resources/providers/Microsoft.Compute/virtualMachines/ktf-vm",
            "identity": [],
            "license_type": "",
            "location": "eastus",
            "max_bid_price": -1,
            "name": "ktf-vm",
            "network_interface_ids": [
              "/subscriptions/794484ea-9b23-4bb9-93b1-f40f1bf8aee9/resourceGroups/ktf-resources/providers/Microsoft.Network/networkInterfaces/ktf-nic"
            ],
            "os_disk": [
              {
                "caching": "ReadWrite",
                "diff_disk_settings": [],
                "disk_encryption_set_id": "",
                "disk_size_gb": 30,
                "name": "ktf-vm_OsDisk_1_dda81e9746234230b06fd3065b738fc1",
                "storage_account_type": "Standard_LRS",
                "write_accelerator_enabled": false
              }
            ],
            "patch_mode": "ImageDefault",
            "plan": [],
            "platform_fault_domain": -1,
            "priority": "Regular",
            "private_ip_address": "10.123.1.4",
            "private_ip_addresses": [
              "10.123.1.4"
            ],
            "provision_vm_agent": true,
            "proximity_placement_group_id": "",
            "public_ip_address": "172.190.234.12",
            "public_ip_addresses": [
              "172.190.234.12"
            ],
            "resource_group_name": "ktf-resources",
            "secret": [],
            "secure_boot_enabled": false,
            "size": "Standard_B1s",
            "source_image_id": "",
            "source_image_reference": [
              {
                "offer": "0001-com-ubuntu-server-jammy",
                "publisher": "Canonical",
                "sku": "22_04-lts",
                "version": "latest"
              }
            ],
            "tags": {
              "environment": "dev"
            },
            "termination_notification": [],
            "timeouts": null,
            "user_data": "",
            "virtual_machine_id": "d1df203e-bc37-481b-91bf-99df9a9f9376",
            "virtual_machine_scale_set_id": "",
            "vtpm_enabled": false,
            "zone": ""
          },
          "sensitive_attributes": [],
          "private": "eyJlMmJmYjczMC1lY2FhLTExZTYtOGY4OC0zNDM2M2JjN2M0YzAiOnsiY3JlYXRlIjoyNzAwMDAwMDAwMDAwLCJkZWxldGUiOjI3MDAwMDAwMDAwMDAsInJlYWQiOjMwMDAwMDAwMDAwMCwidXBkYXRlIjoyNzAwMDAwMDAwMDAwfX0=",
          "dependencies": [
            "azurerm_network_interface.ktf-nic",
            "azurerm_public_ip.ktf-ip",
            "azurerm_resource_group.ktf-rg",
            "azurerm_subnet.ktf-subnet",
            "azurerm_virtual_network.ktf-vn"
          ]
        }
      ]
    },
    {
      "mode": "managed",
      "type": "azurerm_network_interface",
      "name": "ktf-nic",
      "provider": "provider[\"registry.terraform.io/hashicorp/azurerm\"]",
      "instances": [
        {
          "schema_version": 0,
          "attributes": {
            "applied_dns_servers": [],
            "dns_servers": [],
            "edge_zone": "",
            "enable_accelerated_networking": false,
            "enable_ip_forwarding": false,
            "id": "/subscriptions/794484ea-9b23-4bb9-93b1-f40f1bf8aee9/resourceGroups/ktf-resources/providers/Microsoft.Network/networkInterfaces/ktf-nic",
            "internal_dns_name_label": "",
            "internal_domain_name_suffix": "kdvfttmfj35e5c4rjqr4qrf2hg.bx.internal.cloudapp.net",
            "ip_configuration": [
              {
                "gateway_load_balancer_frontend_ip_configuration_id": "",
                "name": "internal",
                "primary": true,
                "private_ip_address": "10.123.1.4",
                "private_ip_address_allocation": "Dynamic",
                "private_ip_address_version": "IPv4",
                "public_ip_address_id": "/subscriptions/794484ea-9b23-4bb9-93b1-f40f1bf8aee9/resourceGroups/ktf-resources/providers/Microsoft.Network/publicIPAddresses/ktf-ip",
                "subnet_id": "/subscriptions/794484ea-9b23-4bb9-93b1-f40f1bf8aee9/resourceGroups/ktf-resources/providers/Microsoft.Network/virtualNetworks/ktf-network/subnets/ktf-subnet"
              }
            ],
            "location": "eastus",
            "mac_address": "60-45-BD-D4-FC-19",
            "name": "ktf-nic",
            "private_ip_address": "10.123.1.4",
            "private_ip_addresses": [
              "10.123.1.4"
            ],
            "resource_group_name": "ktf-resources",
            "tags": {
              "environment": "dev"
            },
            "timeouts": null,
            "virtual_machine_id": "/subscriptions/794484ea-9b23-4bb9-93b1-f40f1bf8aee9/resourceGroups/ktf-resources/providers/Microsoft.Compute/virtualMachines/ktf-vm"
          },
          "sensitive_attributes": [],
          "private": "eyJlMmJmYjczMC1lY2FhLTExZTYtOGY4OC0zNDM2M2JjN2M0YzAiOnsiY3JlYXRlIjoxODAwMDAwMDAwMDAwLCJkZWxldGUiOjE4MDAwMDAwMDAwMDAsInJlYWQiOjMwMDAwMDAwMDAwMCwidXBkYXRlIjoxODAwMDAwMDAwMDAwfX0=",
          "dependencies": [
            "azurerm_public_ip.ktf-ip",
            "azurerm_resource_group.ktf-rg",
            "azurerm_subnet.ktf-subnet",
            "azurerm_virtual_network.ktf-vn"
          ]
        }
      ]
    },
    {
      "mode": "managed",
      "type": "azurerm_network_security_group",
      "name": "ktf-sg",
      "provider": "provider[\"registry.terraform.io/hashicorp/azurerm\"]",
      "instances": [
        {
          "schema_version": 0,
          "attributes": {
            "id": "/subscriptions/794484ea-9b23-4bb9-93b1-f40f1bf8aee9/resourceGroups/ktf-resources/providers/Microsoft.Network/networkSecurityGroups/ktf-sg",
            "location": "eastus",
            "name": "ktf-sg",
            "resource_group_name": "ktf-resources",
            "security_rule": [
              {
                "access": "Allow",
                "description": "",
                "destination_address_prefix": "*",
                "destination_address_prefixes": [],
                "destination_application_security_group_ids": [],
                "destination_port_range": "*",
                "destination_port_ranges": [],
                "direction": "Inbound",
                "name": "ktf-dev-rule",
                "priority": 100,
                "protocol": "*",
                "source_address_prefix": "*",
                "source_address_prefixes": [],
                "source_application_security_group_ids": [],
                "source_port_range": "*",
                "source_port_ranges": []
              }
            ],
            "tags": {
              "environment": "dev"
            },
            "timeouts": null
          },
          "sensitive_attributes": [],
          "private": "eyJlMmJmYjczMC1lY2FhLTExZTYtOGY4OC0zNDM2M2JjN2M0YzAiOnsiY3JlYXRlIjoxODAwMDAwMDAwMDAwLCJkZWxldGUiOjE4MDAwMDAwMDAwMDAsInJlYWQiOjMwMDAwMDAwMDAwMCwidXBkYXRlIjoxODAwMDAwMDAwMDAwfX0=",
          "dependencies": [
            "azurerm_resource_group.ktf-rg"
          ]
        }
      ]
    },
    {
      "mode": "managed",
      "type": "azurerm_network_security_rule",
      "name": "ktf-dev-rule",
      "provider": "provider[\"registry.terraform.io/hashicorp/azurerm\"]",
      "instances": [
        {
          "schema_version": 0,
          "attributes": {
            "access": "Allow",
            "description": "",
            "destination_address_prefix": "*",
            "destination_address_prefixes": [],
            "destination_application_security_group_ids": [],
            "destination_port_range": "*",
            "destination_port_ranges": [],
            "direction": "Inbound",
            "id": "/subscriptions/794484ea-9b23-4bb9-93b1-f40f1bf8aee9/resourceGroups/ktf-resources/providers/Microsoft.Network/networkSecurityGroups/ktf-sg/securityRules/ktf-dev-rule",
            "name": "ktf-dev-rule",
            "network_security_group_name": "ktf-sg",
            "priority": 100,
            "protocol": "*",
            "resource_group_name": "ktf-resources",
            "source_address_prefix": "*",
            "source_address_prefixes": [],
            "source_application_security_group_ids": [],
            "source_port_range": "*",
            "source_port_ranges": [],
            "timeouts": null
          },
          "sensitive_attributes": [],
          "private": "eyJlMmJmYjczMC1lY2FhLTExZTYtOGY4OC0zNDM2M2JjN2M0YzAiOnsiY3JlYXRlIjoxODAwMDAwMDAwMDAwLCJkZWxldGUiOjE4MDAwMDAwMDAwMDAsInJlYWQiOjMwMDAwMDAwMDAwMCwidXBkYXRlIjoxODAwMDAwMDAwMDAwfX0=",
          "dependencies": [
            "azurerm_network_security_group.ktf-sg",
            "azurerm_resource_group.ktf-rg"
          ]
        }
      ]
    },
    {
      "mode": "managed",
      "type": "azurerm_postgresql_flexible_server",
      "name": "ktf-psql-server",
      "provider": "provider[\"registry.terraform.io/hashicorp/azurerm\"]",
      "instances": [
        {
          "schema_version": 0,
          "attributes": {
            "administrator_login": "ktfadmin",
            "administrator_password": "xpCwk=jV.cU4~",
            "backup_retention_days": 7,
            "create_mode": null,
            "delegated_subnet_id": "",
            "fqdn": "ktf-psql-server.postgres.database.azure.com",
            "geo_redundant_backup_enabled": false,
            "high_availability": [],
            "id": "/subscriptions/794484ea-9b23-4bb9-93b1-f40f1bf8aee9/resourceGroups/ktf-resources/providers/Microsoft.DBforPostgreSQL/flexibleServers/ktf-psql-server",
            "location": "eastus",
            "maintenance_window": [],
            "name": "ktf-psql-server",
            "point_in_time_restore_time_in_utc": null,
            "private_dns_zone_id": "",
            "public_network_access_enabled": true,
            "resource_group_name": "ktf-resources",
            "sku_name": "B_Standard_B1ms",
            "source_server_id": null,
            "storage_mb": 32768,
            "tags": {},
            "timeouts": null,
            "version": "12",
            "zone": "1"
          },
          "sensitive_attributes": [],
          "private": "eyJlMmJmYjczMC1lY2FhLTExZTYtOGY4OC0zNDM2M2JjN2M0YzAiOnsiY3JlYXRlIjozNjAwMDAwMDAwMDAwLCJkZWxldGUiOjM2MDAwMDAwMDAwMDAsInJlYWQiOjMwMDAwMDAwMDAwMCwidXBkYXRlIjozNjAwMDAwMDAwMDAwfX0=",
          "dependencies": [
            "azurerm_resource_group.ktf-rg"
          ]
        }
      ]
    },
    {
      "mode": "managed",
      "type": "azurerm_postgresql_flexible_server_database",
      "name": "ktf-psql-database",
      "provider": "provider[\"registry.terraform.io/hashicorp/azurerm\"]",
      "instances": [
        {
          "schema_version": 0,
          "attributes": {
            "charset": "UTF8",
            "collation": "en_US.utf8",
            "id": "/subscriptions/794484ea-9b23-4bb9-93b1-f40f1bf8aee9/resourceGroups/ktf-resources/providers/Microsoft.DBforPostgreSQL/flexibleServers/ktf-psql-server/databases/ktf-db",
            "name": "ktf-db",
            "server_id": "/subscriptions/794484ea-9b23-4bb9-93b1-f40f1bf8aee9/resourceGroups/ktf-resources/providers/Microsoft.DBforPostgreSQL/flexibleServers/ktf-psql-server",
            "timeouts": null
          },
          "sensitive_attributes": [],
          "private": "eyJlMmJmYjczMC1lY2FhLTExZTYtOGY4OC0zNDM2M2JjN2M0YzAiOnsiY3JlYXRlIjoxODAwMDAwMDAwMDAwLCJkZWxldGUiOjE4MDAwMDAwMDAwMDAsInJlYWQiOjMwMDAwMDAwMDAwMH19",
          "dependencies": [
            "azurerm_postgresql_flexible_server.ktf-psql-server",
            "azurerm_resource_group.ktf-rg"
          ]
        }
      ]
    },
    {
      "mode": "managed",
      "type": "azurerm_postgresql_flexible_server_firewall_rule",
      "name": "ktf-db-fw-allow-all",
      "provider": "provider[\"registry.terraform.io/hashicorp/azurerm\"]",
      "instances": [
        {
          "schema_version": 0,
          "attributes": {
            "end_ip_address": "255.255.255.255",
            "id": "/subscriptions/794484ea-9b23-4bb9-93b1-f40f1bf8aee9/resourceGroups/ktf-resources/providers/Microsoft.DBforPostgreSQL/flexibleServers/ktf-psql-server/firewallRules/allow-all",
            "name": "allow-all",
            "server_id": "/subscriptions/794484ea-9b23-4bb9-93b1-f40f1bf8aee9/resourceGroups/ktf-resources/providers/Microsoft.DBforPostgreSQL/flexibleServers/ktf-psql-server",
            "start_ip_address": "0.0.0.0",
            "timeouts": null
          },
          "sensitive_attributes": [],
          "private": "eyJlMmJmYjczMC1lY2FhLTExZTYtOGY4OC0zNDM2M2JjN2M0YzAiOnsiY3JlYXRlIjoxODAwMDAwMDAwMDAwLCJkZWxldGUiOjE4MDAwMDAwMDAwMDAsInJlYWQiOjMwMDAwMDAwMDAwMCwidXBkYXRlIjoxODAwMDAwMDAwMDAwfX0=",
          "dependencies": [
            "azurerm_postgresql_flexible_server.ktf-psql-server"
          ]
        }
      ]
    },
    {
      "mode": "managed",
      "type": "azurerm_public_ip",
      "name": "ktf-ip",
      "provider": "provider[\"registry.terraform.io/hashicorp/azurerm\"]",
      "instances": [
        {
          "schema_version": 0,
          "attributes": {
            "allocation_method": "Dynamic",
            "domain_name_label": null,
            "edge_zone": "",
            "fqdn": null,
            "id": "/subscriptions/794484ea-9b23-4bb9-93b1-f40f1bf8aee9/resourceGroups/ktf-resources/providers/Microsoft.Network/publicIPAddresses/ktf-ip",
            "idle_timeout_in_minutes": 4,
            "ip_address": "172.190.234.12",
            "ip_tags": {},
            "ip_version": "IPv4",
            "location": "eastus",
            "name": "ktf-ip",
            "public_ip_prefix_id": null,
            "resource_group_name": "ktf-resources",
            "reverse_fqdn": null,
            "sku": "Basic",
            "sku_tier": "Regional",
            "tags": {
              "environment": "dev"
            },
            "timeouts": null,
            "zones": []
          },
          "sensitive_attributes": [],
          "private": "eyJlMmJmYjczMC1lY2FhLTExZTYtOGY4OC0zNDM2M2JjN2M0YzAiOnsiY3JlYXRlIjoxODAwMDAwMDAwMDAwLCJkZWxldGUiOjE4MDAwMDAwMDAwMDAsInJlYWQiOjMwMDAwMDAwMDAwMCwidXBkYXRlIjoxODAwMDAwMDAwMDAwfX0=",
          "dependencies": [
            "azurerm_resource_group.ktf-rg"
          ]
        }
      ]
    },
    {
      "mode": "managed",
      "type": "azurerm_resource_group",
      "name": "ktf-rg",
      "provider": "provider[\"registry.terraform.io/hashicorp/azurerm\"]",
      "instances": [
        {
          "schema_version": 0,
          "attributes": {
            "id": "/subscriptions/794484ea-9b23-4bb9-93b1-f40f1bf8aee9/resourceGroups/ktf-resources",
            "location": "eastus",
            "name": "ktf-resources",
            "tags": {
              "environment": "dev"
            },
            "timeouts": null
          },
          "sensitive_attributes": [],
          "private": "eyJlMmJmYjczMC1lY2FhLTExZTYtOGY4OC0zNDM2M2JjN2M0YzAiOnsiY3JlYXRlIjo1NDAwMDAwMDAwMDAwLCJkZWxldGUiOjU0MDAwMDAwMDAwMDAsInJlYWQiOjMwMDAwMDAwMDAwMCwidXBkYXRlIjo1NDAwMDAwMDAwMDAwfX0="
        }
      ]
    },
    {
      "mode": "managed",
      "type": "azurerm_subnet",
      "name": "ktf-subnet",
      "provider": "provider[\"registry.terraform.io/hashicorp/azurerm\"]",
      "instances": [
        {
          "schema_version": 0,
          "attributes": {
            "address_prefixes": [
              "10.123.1.0/24"
            ],
            "delegation": [],
            "enforce_private_link_endpoint_network_policies": false,
            "enforce_private_link_service_network_policies": false,
            "id": "/subscriptions/794484ea-9b23-4bb9-93b1-f40f1bf8aee9/resourceGroups/ktf-resources/providers/Microsoft.Network/virtualNetworks/ktf-network/subnets/ktf-subnet",
            "name": "ktf-subnet",
            "resource_group_name": "ktf-resources",
            "service_endpoint_policy_ids": [],
            "service_endpoints": [],
            "timeouts": null,
            "virtual_network_name": "ktf-network"
          },
          "sensitive_attributes": [],
          "private": "eyJlMmJmYjczMC1lY2FhLTExZTYtOGY4OC0zNDM2M2JjN2M0YzAiOnsiY3JlYXRlIjoxODAwMDAwMDAwMDAwLCJkZWxldGUiOjE4MDAwMDAwMDAwMDAsInJlYWQiOjMwMDAwMDAwMDAwMCwidXBkYXRlIjoxODAwMDAwMDAwMDAwfX0=",
          "dependencies": [
            "azurerm_resource_group.ktf-rg",
            "azurerm_virtual_network.ktf-vn"
          ]
        }
      ]
    },
    {
      "mode": "managed",
      "type": "azurerm_subnet_network_security_group_association",
      "name": "ktf-dev-sga",
      "provider": "provider[\"registry.terraform.io/hashicorp/azurerm\"]",
      "instances": [
        {
          "schema_version": 0,
          "attributes": {
            "id": "/subscriptions/794484ea-9b23-4bb9-93b1-f40f1bf8aee9/resourceGroups/ktf-resources/providers/Microsoft.Network/virtualNetworks/ktf-network/subnets/ktf-subnet",
            "network_security_group_id": "/subscriptions/794484ea-9b23-4bb9-93b1-f40f1bf8aee9/resourceGroups/ktf-resources/providers/Microsoft.Network/networkSecurityGroups/ktf-sg",
            "subnet_id": "/subscriptions/794484ea-9b23-4bb9-93b1-f40f1bf8aee9/resourceGroups/ktf-resources/providers/Microsoft.Network/virtualNetworks/ktf-network/subnets/ktf-subnet",
            "timeouts": null
          },
          "sensitive_attributes": [],
          "private": "eyJlMmJmYjczMC1lY2FhLTExZTYtOGY4OC0zNDM2M2JjN2M0YzAiOnsiY3JlYXRlIjoxODAwMDAwMDAwMDAwLCJkZWxldGUiOjE4MDAwMDAwMDAwMDAsInJlYWQiOjMwMDAwMDAwMDAwMCwidXBkYXRlIjoxODAwMDAwMDAwMDAwfX0=",
          "dependencies": [
            "azurerm_network_security_group.ktf-sg",
            "azurerm_resource_group.ktf-rg",
            "azurerm_subnet.ktf-subnet",
            "azurerm_virtual_network.ktf-vn"
          ]
        }
      ]
    },
    {
      "mode": "managed",
      "type": "azurerm_virtual_network",
      "name": "ktf-vn",
      "provider": "provider[\"registry.terraform.io/hashicorp/azurerm\"]",
      "instances": [
        {
          "schema_version": 0,
          "attributes": {
            "address_space": [
              "10.123.0.0/16"
            ],
            "bgp_community": "",
            "ddos_protection_plan": [],
            "dns_servers": [],
            "edge_zone": "",
            "flow_timeout_in_minutes": 0,
            "guid": "cd59ea50-4f85-4f7e-8bd1-4c23e844bc3e",
            "id": "/subscriptions/794484ea-9b23-4bb9-93b1-f40f1bf8aee9/resourceGroups/ktf-resources/providers/Microsoft.Network/virtualNetworks/ktf-network",
            "location": "eastus",
            "name": "ktf-network",
            "resource_group_name": "ktf-resources",
            "subnet": [
              {
                "address_prefix": "10.123.1.0/24",
                "id": "/subscriptions/794484ea-9b23-4bb9-93b1-f40f1bf8aee9/resourceGroups/ktf-resources/providers/Microsoft.Network/virtualNetworks/ktf-network/subnets/ktf-subnet",
                "name": "ktf-subnet",
                "security_group": "/subscriptions/794484ea-9b23-4bb9-93b1-f40f1bf8aee9/resourceGroups/ktf-resources/providers/Microsoft.Network/networkSecurityGroups/ktf-sg"
              }
            ],
            "tags": {
              "environment": "dev"
            },
            "timeouts": null
          },
          "sensitive_attributes": [],
          "private": "eyJlMmJmYjczMC1lY2FhLTExZTYtOGY4OC0zNDM2M2JjN2M0YzAiOnsiY3JlYXRlIjoxODAwMDAwMDAwMDAwLCJkZWxldGUiOjE4MDAwMDAwMDAwMDAsInJlYWQiOjMwMDAwMDAwMDAwMCwidXBkYXRlIjoxODAwMDAwMDAwMDAwfX0=",
          "dependencies": [
            "azurerm_resource_group.ktf-rg"
          ]
        }
      ]
    }
  ],
  "check_results": null
}
